
Microsoft Visual Studio Solution File, Format Version 12.00
# Visual Studio Version 16
VisualStudioVersion = 16.0.29613.14
MinimumVisualStudioVersion = 10.0.40219.1
Project("{FAE04EC0-301F-11D3-BF4B-00C04F79EFBC}") = "Artificial Intelligence kNN", "Artificial Intelligence kNN\Artificial Intelligence kNN.csproj", "{C65F4136-AE75-4C4A-898E-D27E33EBE062}"
EndProject
Global
	GlobalSection(SolutionConfigurationPlatforms) = preSolution
		Debug|Any CPU = Debug|Any CPU
		Release|Any CPU = Release|Any CPU
	EndGlobalSection
	GlobalSection(ProjectConfigurationPlatforms) = postSolution
		{C65F4136-AE75-4C4A-898E-D27E33EBE062}.Debug|Any CPU.ActiveCfg = Debug|Any CPU
		{C65F4136-AE75-4C4A-898E-D27E33EBE062}.Debug|Any CPU.Build.0 = Debug|Any CPU
		{C65F4136-AE75-4C4A-898E-D27E33EBE062}.Release|Any CPU.ActiveCfg = Release|Any CPU
		{C65F4136-AE75-4C4A-898E-D27E33EBE062}.Release|Any CPU.Build.0 = Release|Any CPU
	EndGlobalSection
	GlobalSection(SolutionProperties) = preSolution
		HideSolutionNode = FALSE
	EndGlobalSection
	GlobalSection(ExtensibilityGlobals) = postSolution
		SolutionGuid = {ABDE6749-4DDB-410A-975F-E2B287D9F45B}
	EndGlobalSection
EndGlobal
